
Microsoft Visual Studio Solution File, Format Version 12.00
# Visual Studio Version 17
VisualStudioVersion = 17.12.35506.116 d17.12
MinimumVisualStudioVersion = 10.0.40219.1
Project("{FAE04EC0-301F-11D3-BF4B-00C04F79EFBC}") = "ProvaPratica", "ProvaPratica.csproj", "{64116537-449C-4F3D-B28A-119F0A297518}"
EndProject
Project("{FAE04EC0-301F-11D3-BF4B-00C04F79EFBC}") = "ProvaPratica.Domain", "..\ProvaPratica.Domain\ProvaPratica.Domain.csproj", "{73322AFE-AA5A-4FBA-873F-3F3E1D48823E}"
EndProject
Project("{FAE04EC0-301F-11D3-BF4B-00C04F79EFBC}") = "ProvaPratica.Repository", "..\ProvaPratica.Repository\ProvaPratica.Repository.csproj", "{01483255-E12B-4345-88E1-23415B6BBBDE}"
EndProject
Project("{FAE04EC0-301F-11D3-BF4B-00C04F79EFBC}") = "ProvaPratica.Service", "..\ProvaPratica.Service\ProvaPratica.Service.csproj", "{293A3886-D3A0-4C5B-8B7D-0D32A16DA28E}"
EndProject
Global
	GlobalSection(SolutionConfigurationPlatforms) = preSolution
		Debug|Any CPU = Debug|Any CPU
		Release|Any CPU = Release|Any CPU
	EndGlobalSection
	GlobalSection(ProjectConfigurationPlatforms) = postSolution
		{64116537-449C-4F3D-B28A-119F0A297518}.Debug|Any CPU.ActiveCfg = Debug|Any CPU
		{64116537-449C-4F3D-B28A-119F0A297518}.Debug|Any CPU.Build.0 = Debug|Any CPU
		{64116537-449C-4F3D-B28A-119F0A297518}.Release|Any CPU.ActiveCfg = Release|Any CPU
		{64116537-449C-4F3D-B28A-119F0A297518}.Release|Any CPU.Build.0 = Release|Any CPU
		{73322AFE-AA5A-4FBA-873F-3F3E1D48823E}.Debug|Any CPU.ActiveCfg = Debug|Any CPU
		{73322AFE-AA5A-4FBA-873F-3F3E1D48823E}.Debug|Any CPU.Build.0 = Debug|Any CPU
		{73322AFE-AA5A-4FBA-873F-3F3E1D48823E}.Release|Any CPU.ActiveCfg = Release|Any CPU
		{73322AFE-AA5A-4FBA-873F-3F3E1D48823E}.Release|Any CPU.Build.0 = Release|Any CPU
		{01483255-E12B-4345-88E1-23415B6BBBDE}.Debug|Any CPU.ActiveCfg = Debug|Any CPU
		{01483255-E12B-4345-88E1-23415B6BBBDE}.Debug|Any CPU.Build.0 = Debug|Any CPU
		{01483255-E12B-4345-88E1-23415B6BBBDE}.Release|Any CPU.ActiveCfg = Release|Any CPU
		{01483255-E12B-4345-88E1-23415B6BBBDE}.Release|Any CPU.Build.0 = Release|Any CPU
		{293A3886-D3A0-4C5B-8B7D-0D32A16DA28E}.Debug|Any CPU.ActiveCfg = Debug|Any CPU
		{293A3886-D3A0-4C5B-8B7D-0D32A16DA28E}.Debug|Any CPU.Build.0 = Debug|Any CPU
		{293A3886-D3A0-4C5B-8B7D-0D32A16DA28E}.Release|Any CPU.ActiveCfg = Release|Any CPU
		{293A3886-D3A0-4C5B-8B7D-0D32A16DA28E}.Release|Any CPU.Build.0 = Release|Any CPU
	EndGlobalSection
	GlobalSection(SolutionProperties) = preSolution
		HideSolutionNode = FALSE
	EndGlobalSection
EndGlobal
